
Microsoft Visual Studio Solution File, Format Version 12.00
# Visual Studio Version 17
VisualStudioVersion = 17.2.32519.379
MinimumVisualStudioVersion = 10.0.40219.1
Project("{9A19103F-16F7-4668-BE54-9A1E7A4F7556}") = "SKitLs.Bots.Telegram.Core", "SKitLs.Bots.Telegram.Core\SKitLs.Bots.Telegram.Core.csproj", "{1CB50DD1-EE33-47D9-A80A-B169B08CFC98}"
EndProject
Project("{9A19103F-16F7-4668-BE54-9A1E7A4F7556}") = "Tester", "Tester\Tester.csproj", "{6F465BCD-D89D-4773-A459-0250DBFFE129}"
EndProject
Project("{9A19103F-16F7-4668-BE54-9A1E7A4F7556}") = "SKitLs.Bots.Telegram.DataBases", "SKitLs.Bots.Telegram.DataBases\SKitLs.Bots.Telegram.DataBases.csproj", "{D3B873B6-27DA-422B-8E19-0515EDF654B9}"
EndProject
Project("{9A19103F-16F7-4668-BE54-9A1E7A4F7556}") = "SKitLs.Bots.Telegram.Debugging", "SKitLs.Bots.Telegram.Debugging\SKitLs.Bots.Telegram.Debugging.csproj", "{71987A66-7F52-40A6-91CA-EF4604F23E06}"
EndProject
Project("{9A19103F-16F7-4668-BE54-9A1E7A4F7556}") = "SKitLs.Bots.Telegram.ArgsConverting", "SKitLs.Bots.Telegram.ArgsConverting\SKitLs.Bots.Telegram.ArgsConverting.csproj", "{17D07B46-0C63-40A9-9E70-8AD76AAD8247}"
EndProject
Project("{9A19103F-16F7-4668-BE54-9A1E7A4F7556}") = "SKitLs.Bots.Telegram.Interactions", "SKitLs.Bots.Telegram.Interactions\SKitLs.Bots.Telegram.Interactions.csproj", "{E3CDD8D1-2F79-4860-8A0F-5595486318A4}"
EndProject
Project("{9A19103F-16F7-4668-BE54-9A1E7A4F7556}") = "SKitLs.Bots.Telegram.Stateful", "SKitLs.Bots.Telegram.Stateful\SKitLs.Bots.Telegram.Stateful.csproj", "{140C0C9C-194D-4806-893B-B1C217E843C1}"
EndProject
Project("{9A19103F-16F7-4668-BE54-9A1E7A4F7556}") = "SKitLs.Bots.Telegram.Management", "SKitLs.Bots.Telegram.Management\SKitLs.Bots.Telegram.Management.csproj", "{3E724873-0904-49F6-ACF3-7413D9038F21}"
EndProject
Project("{9A19103F-16F7-4668-BE54-9A1E7A4F7556}") = "SKitLs.Bots.Telegram.Fancy", "SKitLs.Bot.Telegram.Fancy\SKitLs.Bots.Telegram.Fancy.csproj", "{AC112D81-0D54-425A-A784-93C6D79274E0}"
EndProject
Project("{2150E333-8FDC-42A3-9474-1A3956D46DE8}") = "Элементы решения", "Элементы решения", "{40B461B5-A891-4D3A-BB7D-B9D43A4A7FDB}"
	ProjectSection(SolutionItems) = preProject
		.gitignore = .gitignore
		Leveling.inf.txt = Leveling.inf.txt
		Overview.inf.txt = Overview.inf.txt
	EndProjectSection
EndProject
Project("{FAE04EC0-301F-11D3-BF4B-00C04F79EFBC}") = "SKitLs.Bots.Telegram.PageNavs", "SKitLs.Bots.Telegram.PageNavs\SKitLs.Bots.Telegram.PageNavs.csproj", "{17E98CC2-14A2-4FC6-BEFB-3AEA53891BE5}"
EndProject
Global
	GlobalSection(SolutionConfigurationPlatforms) = preSolution
		Debug|Any CPU = Debug|Any CPU
		Release|Any CPU = Release|Any CPU
	EndGlobalSection
	GlobalSection(ProjectConfigurationPlatforms) = postSolution
		{1CB50DD1-EE33-47D9-A80A-B169B08CFC98}.Debug|Any CPU.ActiveCfg = Debug|Any CPU
		{1CB50DD1-EE33-47D9-A80A-B169B08CFC98}.Debug|Any CPU.Build.0 = Debug|Any CPU
		{1CB50DD1-EE33-47D9-A80A-B169B08CFC98}.Release|Any CPU.ActiveCfg = Release|Any CPU
		{1CB50DD1-EE33-47D9-A80A-B169B08CFC98}.Release|Any CPU.Build.0 = Release|Any CPU
		{6F465BCD-D89D-4773-A459-0250DBFFE129}.Debug|Any CPU.ActiveCfg = Debug|Any CPU
		{6F465BCD-D89D-4773-A459-0250DBFFE129}.Debug|Any CPU.Build.0 = Debug|Any CPU
		{6F465BCD-D89D-4773-A459-0250DBFFE129}.Release|Any CPU.ActiveCfg = Release|Any CPU
		{6F465BCD-D89D-4773-A459-0250DBFFE129}.Release|Any CPU.Build.0 = Release|Any CPU
		{D3B873B6-27DA-422B-8E19-0515EDF654B9}.Debug|Any CPU.ActiveCfg = Debug|Any CPU
		{D3B873B6-27DA-422B-8E19-0515EDF654B9}.Debug|Any CPU.Build.0 = Debug|Any CPU
		{D3B873B6-27DA-422B-8E19-0515EDF654B9}.Release|Any CPU.ActiveCfg = Release|Any CPU
		{D3B873B6-27DA-422B-8E19-0515EDF654B9}.Release|Any CPU.Build.0 = Release|Any CPU
		{71987A66-7F52-40A6-91CA-EF4604F23E06}.Debug|Any CPU.ActiveCfg = Debug|Any CPU
		{71987A66-7F52-40A6-91CA-EF4604F23E06}.Debug|Any CPU.Build.0 = Debug|Any CPU
		{71987A66-7F52-40A6-91CA-EF4604F23E06}.Release|Any CPU.ActiveCfg = Release|Any CPU
		{71987A66-7F52-40A6-91CA-EF4604F23E06}.Release|Any CPU.Build.0 = Release|Any CPU
		{17D07B46-0C63-40A9-9E70-8AD76AAD8247}.Debug|Any CPU.ActiveCfg = Debug|Any CPU
		{17D07B46-0C63-40A9-9E70-8AD76AAD8247}.Debug|Any CPU.Build.0 = Debug|Any CPU
		{17D07B46-0C63-40A9-9E70-8AD76AAD8247}.Release|Any CPU.ActiveCfg = Release|Any CPU
		{17D07B46-0C63-40A9-9E70-8AD76AAD8247}.Release|Any CPU.Build.0 = Release|Any CPU
		{E3CDD8D1-2F79-4860-8A0F-5595486318A4}.Debug|Any CPU.ActiveCfg = Debug|Any CPU
		{E3CDD8D1-2F79-4860-8A0F-5595486318A4}.Debug|Any CPU.Build.0 = Debug|Any CPU
		{E3CDD8D1-2F79-4860-8A0F-5595486318A4}.Release|Any CPU.ActiveCfg = Release|Any CPU
		{E3CDD8D1-2F79-4860-8A0F-5595486318A4}.Release|Any CPU.Build.0 = Release|Any CPU
		{140C0C9C-194D-4806-893B-B1C217E843C1}.Debug|Any CPU.ActiveCfg = Debug|Any CPU
		{140C0C9C-194D-4806-893B-B1C217E843C1}.Debug|Any CPU.Build.0 = Debug|Any CPU
		{140C0C9C-194D-4806-893B-B1C217E843C1}.Release|Any CPU.ActiveCfg = Release|Any CPU
		{140C0C9C-194D-4806-893B-B1C217E843C1}.Release|Any CPU.Build.0 = Release|Any CPU
		{3E724873-0904-49F6-ACF3-7413D9038F21}.Debug|Any CPU.ActiveCfg = Debug|Any CPU
		{3E724873-0904-49F6-ACF3-7413D9038F21}.Debug|Any CPU.Build.0 = Debug|Any CPU
		{3E724873-0904-49F6-ACF3-7413D9038F21}.Release|Any CPU.ActiveCfg = Release|Any CPU
		{3E724873-0904-49F6-ACF3-7413D9038F21}.Release|Any CPU.Build.0 = Release|Any CPU
		{AC112D81-0D54-425A-A784-93C6D79274E0}.Debug|Any CPU.ActiveCfg = Debug|Any CPU
		{AC112D81-0D54-425A-A784-93C6D79274E0}.Debug|Any CPU.Build.0 = Debug|Any CPU
		{AC112D81-0D54-425A-A784-93C6D79274E0}.Release|Any CPU.ActiveCfg = Release|Any CPU
		{AC112D81-0D54-425A-A784-93C6D79274E0}.Release|Any CPU.Build.0 = Release|Any CPU
		{17E98CC2-14A2-4FC6-BEFB-3AEA53891BE5}.Debug|Any CPU.ActiveCfg = Debug|Any CPU
		{17E98CC2-14A2-4FC6-BEFB-3AEA53891BE5}.Debug|Any CPU.Build.0 = Debug|Any CPU
		{17E98CC2-14A2-4FC6-BEFB-3AEA53891BE5}.Release|Any CPU.ActiveCfg = Release|Any CPU
		{17E98CC2-14A2-4FC6-BEFB-3AEA53891BE5}.Release|Any CPU.Build.0 = Release|Any CPU
	EndGlobalSection
	GlobalSection(SolutionProperties) = preSolution
		HideSolutionNode = FALSE
	EndGlobalSection
	GlobalSection(ExtensibilityGlobals) = postSolution
		SolutionGuid = {0D89BB04-43CB-4EBF-AB70-4633A15ED022}
	EndGlobalSection
EndGlobal
